
Microsoft Visual Studio Solution File, Format Version 12.00
Project("{FAE04EC0-301F-11D3-BF4B-00C04F79EFBC}") = "KindCoins-Backend", "KindCoins-Backend\KindCoins-Backend.csproj", "{14D93732-17E1-4F6A-B841-4B7C4666967E}"
EndProject
Global
	GlobalSection(SolutionConfigurationPlatforms) = preSolution
		Debug|Any CPU = Debug|Any CPU
		Release|Any CPU = Release|Any CPU
	EndGlobalSection
	GlobalSection(ProjectConfigurationPlatforms) = postSolution
		{14D93732-17E1-4F6A-B841-4B7C4666967E}.Debug|Any CPU.ActiveCfg = Debug|Any CPU
		{14D93732-17E1-4F6A-B841-4B7C4666967E}.Debug|Any CPU.Build.0 = Debug|Any CPU
		{14D93732-17E1-4F6A-B841-4B7C4666967E}.Release|Any CPU.ActiveCfg = Release|Any CPU
		{14D93732-17E1-4F6A-B841-4B7C4666967E}.Release|Any CPU.Build.0 = Release|Any CPU
	EndGlobalSection
EndGlobal
